
Microsoft Visual Studio Solution File, Format Version 12.00
# Visual Studio Version 16
VisualStudioVersion = 16.0.30011.22
MinimumVisualStudioVersion = 10.0.40219.1
Project("{FAE04EC0-301F-11D3-BF4B-00C04F79EFBC}") = "Veterinaria.Common", "Veterinaria.Common\Veterinaria.Common.csproj", "{7A173ACE-9652-4186-97E3-C8C3016CDAF8}"
EndProject
Project("{FAE04EC0-301F-11D3-BF4B-00C04F79EFBC}") = "Veterinaria.Web", "Veterinaria.Web\Veterinaria.Web.csproj", "{0A20318F-3C64-4EB0-876E-59124B8055AF}"
EndProject
Global
	GlobalSection(SolutionConfigurationPlatforms) = preSolution
		Debug|Any CPU = Debug|Any CPU
		Release|Any CPU = Release|Any CPU
	EndGlobalSection
	GlobalSection(ProjectConfigurationPlatforms) = postSolution
		{7A173ACE-9652-4186-97E3-C8C3016CDAF8}.Debug|Any CPU.ActiveCfg = Debug|Any CPU
		{7A173ACE-9652-4186-97E3-C8C3016CDAF8}.Debug|Any CPU.Build.0 = Debug|Any CPU
		{7A173ACE-9652-4186-97E3-C8C3016CDAF8}.Release|Any CPU.ActiveCfg = Release|Any CPU
		{7A173ACE-9652-4186-97E3-C8C3016CDAF8}.Release|Any CPU.Build.0 = Release|Any CPU
		{0A20318F-3C64-4EB0-876E-59124B8055AF}.Debug|Any CPU.ActiveCfg = Debug|Any CPU
		{0A20318F-3C64-4EB0-876E-59124B8055AF}.Debug|Any CPU.Build.0 = Debug|Any CPU
		{0A20318F-3C64-4EB0-876E-59124B8055AF}.Release|Any CPU.ActiveCfg = Release|Any CPU
		{0A20318F-3C64-4EB0-876E-59124B8055AF}.Release|Any CPU.Build.0 = Release|Any CPU
	EndGlobalSection
	GlobalSection(SolutionProperties) = preSolution
		HideSolutionNode = FALSE
	EndGlobalSection
	GlobalSection(ExtensibilityGlobals) = postSolution
		SolutionGuid = {941C5148-5ED1-408B-90EC-2350B9512886}
	EndGlobalSection
EndGlobal
